// !$*UTF8*$!
{
	archiveVersion = 1;
	classes = {
	};
	objectVersion = 55;
	objects = {

/* Begin PBXBuildFile section */
		C038C8B927709856003622EB /* Model3DView in Frameworks */ = {isa = PBXBuildFile; productRef = C038C8B827709856003622EB /* Model3DView */; };
		C038C8BB27709869003622EB /* Model3DView in Frameworks */ = {isa = PBXBuildFile; productRef = C038C8BA27709869003622EB /* Model3DView */; };
		C0E67C58275419FB00F8EC58 /* PanoramicApp.swift in Sources */ = {isa = PBXBuildFile; fileRef = C0E67C48275419F800F8EC58 /* PanoramicApp.swift */; };
		C0E67C59275419FB00F8EC58 /* PanoramicApp.swift in Sources */ = {isa = PBXBuildFile; fileRef = C0E67C48275419F800F8EC58 /* PanoramicApp.swift */; };
		C0E67C5A275419FB00F8EC58 /* ContentView.swift in Sources */ = {isa = PBXBuildFile; fileRef = C0E67C49275419F800F8EC58 /* ContentView.swift */; };
		C0E67C5B275419FB00F8EC58 /* ContentView.swift in Sources */ = {isa = PBXBuildFile; fileRef = C0E67C49275419F800F8EC58 /* ContentView.swift */; };
		C0E67C5C275419FB00F8EC58 /* Assets.xcassets in Resources */ = {isa = PBXBuildFile; fileRef = C0E67C4A275419FB00F8EC58 /* Assets.xcassets */; };
		C0E67C5D275419FB00F8EC58 /* Assets.xcassets in Resources */ = {isa = PBXBuildFile; fileRef = C0E67C4A275419FB00F8EC58 /* Assets.xcassets */; };
		C0E67C6D27541C1C00F8EC58 /* Assets.scnassets in Resources */ = {isa = PBXBuildFile; fileRef = C0E67C6C27541C1C00F8EC58 /* Assets.scnassets */; };
		C0E67C6E27541C1C00F8EC58 /* Assets.scnassets in Resources */ = {isa = PBXBuildFile; fileRef = C0E67C6C27541C1C00F8EC58 /* Assets.scnassets */; };
/* End PBXBuildFile section */

/* Begin PBXFileReference section */
		C0E67C48275419F800F8EC58 /* PanoramicApp.swift */ = {isa = PBXFileReference; lastKnownFileType = sourcecode.swift; path = PanoramicApp.swift; sourceTree = "<group>"; };
		C0E67C49275419F800F8EC58 /* ContentView.swift */ = {isa = PBXFileReference; lastKnownFileType = sourcecode.swift; path = ContentView.swift; sourceTree = "<group>"; };
		C0E67C4A275419FB00F8EC58 /* Assets.xcassets */ = {isa = PBXFileReference; lastKnownFileType = folder.assetcatalog; path = Assets.xcassets; sourceTree = "<group>"; };
		C0E67C4F275419FB00F8EC58 /* Panoramic.app */ = {isa = PBXFileReference; explicitFileType = wrapper.application; includeInIndex = 0; path = Panoramic.app; sourceTree = BUILT_PRODUCTS_DIR; };
		C0E67C55275419FB00F8EC58 /* Panoramic.app */ = {isa = PBXFileReference; explicitFileType = wrapper.application; includeInIndex = 0; path = Panoramic.app; sourceTree = BUILT_PRODUCTS_DIR; };
		C0E67C57275419FB00F8EC58 /* macOS.entitlements */ = {isa = PBXFileReference; lastKnownFileType = text.plist.entitlements; path = macOS.entitlements; sourceTree = "<group>"; };
		C0E67C6C27541C1C00F8EC58 /* Assets.scnassets */ = {isa = PBXFileReference; lastKnownFileType = wrapper.scnassets; path = Assets.scnassets; sourceTree = "<group>"; };
/* End PBXFileReference section */

/* Begin PBXFrameworksBuildPhase section */
		C0E67C4C275419FB00F8EC58 /* Frameworks */ = {
			isa = PBXFrameworksBuildPhase;
			buildActionMask = 2147483647;
			files = (
				C038C8B927709856003622EB /* Model3DView in Frameworks */,
			);
			runOnlyForDeploymentPostprocessing = 0;
		};
		C0E67C52275419FB00F8EC58 /* Frameworks */ = {
			isa = PBXFrameworksBuildPhase;
			buildActionMask = 2147483647;
			files = (
				C038C8BB27709869003622EB /* Model3DView in Frameworks */,
			);
			runOnlyForDeploymentPostprocessing = 0;
		};
/* End PBXFrameworksBuildPhase section */

/* Begin PBXGroup section */
		C0E67C42275419F800F8EC58 = {
			isa = PBXGroup;
			children = (
				C0E67C47275419F800F8EC58 /* Shared */,
				C0E67C56275419FB00F8EC58 /* macOS */,
				C0E67C50275419FB00F8EC58 /* Products */,
				C0E67C6927541AAF00F8EC58 /* Frameworks */,
			);
			sourceTree = "<group>";
		};
		C0E67C47275419F800F8EC58 /* Shared */ = {
			isa = PBXGroup;
			children = (
				C0E67C48275419F800F8EC58 /* PanoramicApp.swift */,
				C0E67C49275419F800F8EC58 /* ContentView.swift */,
				C0E67C4A275419FB00F8EC58 /* Assets.xcassets */,
				C0E67C6C27541C1C00F8EC58 /* Assets.scnassets */,
			);
			path = Shared;
			sourceTree = "<group>";
		};
		C0E67C50275419FB00F8EC58 /* Products */ = {
			isa = PBXGroup;
			children = (
				C0E67C4F275419FB00F8EC58 /* Panoramic.app */,
				C0E67C55275419FB00F8EC58 /* Panoramic.app */,
			);
			name = Products;
			sourceTree = "<group>";
		};
		C0E67C56275419FB00F8EC58 /* macOS */ = {
			isa = PBXGroup;
			children = (
				C0E67C57275419FB00F8EC58 /* macOS.entitlements */,
			);
			path = macOS;
			sourceTree = "<group>";
		};
		C0E67C6927541AAF00F8EC58 /* Frameworks */ = {
			isa = PBXGroup;
			children = (
			);
			name = Frameworks;
			sourceTree = "<group>";
		};
/* End PBXGroup section */

/* Begin PBXNativeTarget section */
		C0E67C4E275419FB00F8EC58 /* Panoramic (iOS) */ = {
			isa = PBXNativeTarget;
			buildConfigurationList = C0E67C60275419FB00F8EC58 /* Build configuration list for PBXNativeTarget "Panoramic (iOS)" */;
			buildPhases = (
				C0E67C4B275419FB00F8EC58 /* Sources */,
				C0E67C4C275419FB00F8EC58 /* Frameworks */,
				C0E67C4D275419FB00F8EC58 /* Resources */,
			);
			buildRules = (
			);
			dependencies = (
			);
			name = "Panoramic (iOS)";
			packageProductDependencies = (
				C038C8B827709856003622EB /* Model3DView */,
			);
			productName = "Panoramic (iOS)";
			productReference = C0E67C4F275419FB00F8EC58 /* Panoramic.app */;
			productType = "com.apple.product-type.application";
		};
		C0E67C54275419FB00F8EC58 /* Panoramic (macOS) */ = {
			isa = PBXNativeTarget;
			buildConfigurationList = C0E67C63275419FB00F8EC58 /* Build configuration list for PBXNativeTarget "Panoramic (macOS)" */;
			buildPhases = (
				C0E67C51275419FB00F8EC58 /* Sources */,
				C0E67C52275419FB00F8EC58 /* Frameworks */,
				C0E67C53275419FB00F8EC58 /* Resources */,
			);
			buildRules = (
			);
			dependencies = (
			);
			name = "Panoramic (macOS)";
			packageProductDependencies = (
				C038C8BA27709869003622EB /* Model3DView */,
			);
			productName = "Panoramic (macOS)";
			productReference = C0E67C55275419FB00F8EC58 /* Panoramic.app */;
			productType = "com.apple.product-type.application";
		};
/* End PBXNativeTarget section */

/* Begin PBXProject section */
		C0E67C43275419F800F8EC58 /* Project object */ = {
			isa = PBXProject;
			attributes = {
				BuildIndependentTargetsInParallel = 1;
				LastSwiftUpdateCheck = 1320;
				LastUpgradeCheck = 1320;
				TargetAttributes = {
					C0E67C4E275419FB00F8EC58 = {
						CreatedOnToolsVersion = 13.2;
					};
					C0E67C54275419FB00F8EC58 = {
						CreatedOnToolsVersion = 13.2;
					};
				};
			};
			buildConfigurationList = C0E67C46275419F800F8EC58 /* Build configuration list for PBXProject "Panoramic" */;
			compatibilityVersion = "Xcode 13.0";
			developmentRegion = en;
			hasScannedForEncodings = 0;
			knownRegions = (
				en,
				Base,
			);
			mainGroup = C0E67C42275419F800F8EC58;
			packageReferences = (
				C038C8B727709856003622EB /* XCRemoteSwiftPackageReference "Model3DView" */,
			);
			productRefGroup = C0E67C50275419FB00F8EC58 /* Products */;
			projectDirPath = "";
			projectRoot = "";
			targets = (
				C0E67C4E275419FB00F8EC58 /* Panoramic (iOS) */,
				C0E67C54275419FB00F8EC58 /* Panoramic (macOS) */,
			);
		};
/* End PBXProject section */

/* Begin PBXResourcesBuildPhase section */
		C0E67C4D275419FB00F8EC58 /* Resources */ = {
			isa = PBXResourcesBuildPhase;
			buildActionMask = 2147483647;
			files = (
				C0E67C6D27541C1C00F8EC58 /* Assets.scnassets in Resources */,
				C0E67C5C275419FB00F8EC58 /* Assets.xcassets in Resources */,
			);
			runOnlyForDeploymentPostprocessing = 0;
		};
		C0E67C53275419FB00F8EC58 /* Resources */ = {
			isa = PBXResourcesBuildPhase;
			buildActionMask = 2147483647;
			files = (
				C0E67C6E27541C1C00F8EC58 /* Assets.scnassets in Resources */,
				C0E67C5D275419FB00F8EC58 /* Assets.xcassets in Resources */,
			);
			runOnlyForDeploymentPostprocessing = 0;
		};
/* End PBXResourcesBuildPhase section */

/* Begin PBXSourcesBuildPhase section */
		C0E67C4B275419FB00F8EC58 /* Sources */ = {
			isa = PBXSourcesBuildPhase;
			buildActionMask = 2147483647;
			files = (
				C0E67C5A275419FB00F8EC58 /* ContentView.swift in Sources */,
				C0E67C58275419FB00F8EC58 /* PanoramicApp.swift in Sources */,
			);
			runOnlyForDeploymentPostprocessing = 0;
		};
		C0E67C51275419FB00F8EC58 /* Sources */ = {
			isa = PBXSourcesBuildPhase;
			buildActionMask = 2147483647;
			files = (
				C0E67C5B275419FB00F8EC58 /* ContentView.swift in Sources */,
				C0E67C59275419FB00F8EC58 /* PanoramicApp.swift in Sources */,
			);
			runOnlyForDeploymentPostprocessing = 0;
		};
/* End PBXSourcesBuildPhase section */

/* Begin XCBuildConfiguration section */
		C0E67C5E275419FB00F8EC58 /* Debug */ = {
			isa = XCBuildConfiguration;
			buildSettings = {
				ALWAYS_SEARCH_USER_PATHS = NO;
				CLANG_ANALYZER_NONNULL = YES;
				CLANG_ANALYZER_NUMBER_OBJECT_CONVERSION = YES_AGGRESSIVE;
				CLANG_CXX_LANGUAGE_STANDARD = "gnu++17";
				CLANG_CXX_LIBRARY = "libc++";
				CLANG_ENABLE_MODULES = YES;
				CLANG_ENABLE_OBJC_ARC = YES;
				CLANG_ENABLE_OBJC_WEAK = YES;
				CLANG_WARN_BLOCK_CAPTURE_AUTORELEASING = YES;
				CLANG_WARN_BOOL_CONVERSION = YES;
				CLANG_WARN_COMMA = YES;
				CLANG_WARN_CONSTANT_CONVERSION = YES;
				CLANG_WARN_DEPRECATED_OBJC_IMPLEMENTATIONS = YES;
				CLANG_WARN_DIRECT_OBJC_ISA_USAGE = YES_ERROR;
				CLANG_WARN_DOCUMENTATION_COMMENTS = YES;
				CLANG_WARN_EMPTY_BODY = YES;
				CLANG_WARN_ENUM_CONVERSION = YES;
				CLANG_WARN_INFINITE_RECURSION = YES;
				CLANG_WARN_INT_CONVERSION = YES;
				CLANG_WARN_NON_LITERAL_NULL_CONVERSION = YES;
				CLANG_WARN_OBJC_IMPLICIT_RETAIN_SELF = YES;
				CLANG_WARN_OBJC_LITERAL_CONVERSION = YES;
				CLANG_WARN_OBJC_ROOT_CLASS = YES_ERROR;
				CLANG_WARN_QUOTED_INCLUDE_IN_FRAMEWORK_HEADER = YES;
				CLANG_WARN_RANGE_LOOP_ANALYSIS = YES;
				CLANG_WARN_STRICT_PROTOTYPES = YES;
				CLANG_WARN_SUSPICIOUS_MOVE = YES;
				CLANG_WARN_UNGUARDED_AVAILABILITY = YES_AGGRESSIVE;
				CLANG_WARN_UNREACHABLE_CODE = YES;
				CLANG_WARN__DUPLICATE_METHOD_MATCH = YES;
				COPY_PHASE_STRIP = NO;
				DEBUG_INFORMATION_FORMAT = dwarf;
				ENABLE_STRICT_OBJC_MSGSEND = YES;
				ENABLE_TESTABILITY = YES;
				GCC_C_LANGUAGE_STANDARD = gnu11;
				GCC_DYNAMIC_NO_PIC = NO;
				GCC_NO_COMMON_BLOCKS = YES;
				GCC_OPTIMIZATION_LEVEL = 0;
				GCC_PREPROCESSOR_DEFINITIONS = (
					"DEBUG=1",
					"$(inherited)",
				);
				GCC_WARN_64_TO_32_BIT_CONVERSION = YES;
				GCC_WARN_ABOUT_RETURN_TYPE = YES_ERROR;
				GCC_WARN_UNDECLARED_SELECTOR = YES;
				GCC_WARN_UNINITIALIZED_AUTOS = YES_AGGRESSIVE;
				GCC_WARN_UNUSED_FUNCTION = YES;
				GCC_WARN_UNUSED_VARIABLE = YES;
				MTL_ENABLE_DEBUG_INFO = INCLUDE_SOURCE;
				MTL_FAST_MATH = YES;
				ONLY_ACTIVE_ARCH = YES;
				SWIFT_ACTIVE_COMPILATION_CONDITIONS = DEBUG;
				SWIFT_OPTIMIZATION_LEVEL = "-Onone";
			};
			name = Debug;
		};
		C0E67C5F275419FB00F8EC58 /* Release */ = {
			isa = XCBuildConfiguration;
			buildSettings = {
				ALWAYS_SEARCH_USER_PATHS = NO;
				CLANG_ANALYZER_NONNULL = YES;
				CLANG_ANALYZER_NUMBER_OBJECT_CONVERSION = YES_AGGRESSIVE;
				CLANG_CXX_LANGUAGE_STANDARD = "gnu++17";
				CLANG_CXX_LIBRARY = "libc++";
				CLANG_ENABLE_MODULES = YES;
				CLANG_ENABLE_OBJC_ARC = YES;
				CLANG_ENABLE_OBJC_WEAK = YES;
				CLANG_WARN_BLOCK_CAPTURE_AUTORELEASING = YES;
				CLANG_WARN_BOOL_CONVERSION = YES;
				CLANG_WARN_COMMA = YES;
				CLANG_WARN_CONSTANT_CONVERSION = YES;
				CLANG_WARN_DEPRECATED_OBJC_IMPLEMENTATIONS = YES;
				CLANG_WARN_DIRECT_OBJC_ISA_USAGE = YES_ERROR;
				CLANG_WARN_DOCUMENTATION_COMMENTS = YES;
				CLANG_WARN_EMPTY_BODY = YES;
				CLANG_WARN_ENUM_CONVERSION = YES;
				CLANG_WARN_INFINITE_RECURSION = YES;
				CLANG_WARN_INT_CONVERSION = YES;
				CLANG_WARN_NON_LITERAL_NULL_CONVERSION = YES;
				CLANG_WARN_OBJC_IMPLICIT_RETAIN_SELF = YES;
				CLANG_WARN_OBJC_LITERAL_CONVERSION = YES;
				CLANG_WARN_OBJC_ROOT_CLASS = YES_ERROR;
				CLANG_WARN_QUOTED_INCLUDE_IN_FRAMEWORK_HEADER = YES;
				CLANG_WARN_RANGE_LOOP_ANALYSIS = YES;
				CLANG_WARN_STRICT_PROTOTYPES = YES;
				CLANG_WARN_SUSPICIOUS_MOVE = YES;
				CLANG_WARN_UNGUARDED_AVAILABILITY = YES_AGGRESSIVE;
				CLANG_WARN_UNREACHABLE_CODE = YES;
				CLANG_WARN__DUPLICATE_METHOD_MATCH = YES;
				COPY_PHASE_STRIP = NO;
				DEBUG_INFORMATION_FORMAT = "dwarf-with-dsym";
				ENABLE_NS_ASSERTIONS = NO;
				ENABLE_STRICT_OBJC_MSGSEND = YES;
				GCC_C_LANGUAGE_STANDARD = gnu11;
				GCC_NO_COMMON_BLOCKS = YES;
				GCC_WARN_64_TO_32_BIT_CONVERSION = YES;
				GCC_WARN_ABOUT_RETURN_TYPE = YES_ERROR;
				GCC_WARN_UNDECLARED_SELECTOR = YES;
				GCC_WARN_UNINITIALIZED_AUTOS = YES_AGGRESSIVE;
				GCC_WARN_UNUSED_FUNCTION = YES;
				GCC_WARN_UNUSED_VARIABLE = YES;
				MTL_ENABLE_DEBUG_INFO = NO;
				MTL_FAST_MATH = YES;
				SWIFT_COMPILATION_MODE = wholemodule;
				SWIFT_OPTIMIZATION_LEVEL = "-O";
			};
			name = Release;
		};
		C0E67C61275419FB00F8EC58 /* Debug */ = {
			isa = XCBuildConfiguration;
			buildSettings = {
				ASSETCATALOG_COMPILER_APPICON_NAME = AppIcon;
				ASSETCATALOG_COMPILER_GLOBAL_ACCENT_COLOR_NAME = AccentColor;
				CODE_SIGN_STYLE = Automatic;
				CURRENT_PROJECT_VERSION = 1;
				DEVELOPMENT_TEAM = QSR4FL5D2K;
				ENABLE_PREVIEWS = YES;
				GENERATE_INFOPLIST_FILE = YES;
				INFOPLIST_KEY_UIApplicationSceneManifest_Generation = YES;
				INFOPLIST_KEY_UIApplicationSupportsIndirectInputEvents = YES;
				INFOPLIST_KEY_UILaunchScreen_Generation = YES;
				INFOPLIST_KEY_UISupportedInterfaceOrientations_iPad = "UIInterfaceOrientationPortrait UIInterfaceOrientationPortraitUpsideDown UIInterfaceOrientationLandscapeLeft UIInterfaceOrientationLandscapeRight";
				INFOPLIST_KEY_UISupportedInterfaceOrientations_iPhone = "UIInterfaceOrientationPortrait UIInterfaceOrientationLandscapeLeft UIInterfaceOrientationLandscapeRight";
				IPHONEOS_DEPLOYMENT_TARGET = 15.2;
				LD_RUNPATH_SEARCH_PATHS = (
					"$(inherited)",
					"@executable_path/Frameworks",
				);
				MARKETING_VERSION = 1.0;
				PRODUCT_BUNDLE_IDENTIFIER = com.frzi.Panoramic;
				PRODUCT_NAME = Panoramic;
				SDKROOT = iphoneos;
				SWIFT_EMIT_LOC_STRINGS = YES;
				SWIFT_VERSION = 5.0;
				TARGETED_DEVICE_FAMILY = "1,2";
			};
			name = Debug;
		};
		C0E67C62275419FB00F8EC58 /* Release */ = {
			isa = XCBuildConfiguration;
			buildSettings = {
				ASSETCATALOG_COMPILER_APPICON_NAME = AppIcon;
				ASSETCATALOG_COMPILER_GLOBAL_ACCENT_COLOR_NAME = AccentColor;
				CODE_SIGN_STYLE = Automatic;
				CURRENT_PROJECT_VERSION = 1;
				DEVELOPMENT_TEAM = QSR4FL5D2K;
				ENABLE_PREVIEWS = YES;
				GENERATE_INFOPLIST_FILE = YES;
				INFOPLIST_KEY_UIApplicationSceneManifest_Generation = YES;
				INFOPLIST_KEY_UIApplicationSupportsIndirectInputEvents = YES;
				INFOPLIST_KEY_UILaunchScreen_Generation = YES;
				INFOPLIST_KEY_UISupportedInterfaceOrientations_iPad = "UIInterfaceOrientationPortrait UIInterfaceOrientationPortraitUpsideDown UIInterfaceOrientationLandscapeLeft UIInterfaceOrientationLandscapeRight";
				INFOPLIST_KEY_UISupportedInterfaceOrientations_iPhone = "UIInterfaceOrientationPortrait UIInterfaceOrientationLandscapeLeft UIInterfaceOrientationLandscapeRight";
				IPHONEOS_DEPLOYMENT_TARGET = 15.2;
				LD_RUNPATH_SEARCH_PATHS = (
					"$(inherited)",
					"@executable_path/Frameworks",
				);
				MARKETING_VERSION = 1.0;
				PRODUCT_BUNDLE_IDENTIFIER = com.frzi.Panoramic;
				PRODUCT_NAME = Panoramic;
				SDKROOT = iphoneos;
				SWIFT_EMIT_LOC_STRINGS = YES;
				SWIFT_VERSION = 5.0;
				TARGETED_DEVICE_FAMILY = "1,2";
				VALIDATE_PRODUCT = YES;
			};
			name = Release;
		};
		C0E67C64275419FB00F8EC58 /* Debug */ = {
			isa = XCBuildConfiguration;
			buildSettings = {
				ASSETCATALOG_COMPILER_APPICON_NAME = AppIcon;
				ASSETCATALOG_COMPILER_GLOBAL_ACCENT_COLOR_NAME = AccentColor;
				CODE_SIGN_ENTITLEMENTS = macOS/macOS.entitlements;
				CODE_SIGN_STYLE = Automatic;
				COMBINE_HIDPI_IMAGES = YES;
				CURRENT_PROJECT_VERSION = 1;
				DEVELOPMENT_TEAM = QSR4FL5D2K;
				ENABLE_HARDENED_RUNTIME = YES;
				ENABLE_PREVIEWS = YES;
				GENERATE_INFOPLIST_FILE = YES;
				INFOPLIST_KEY_NSHumanReadableCopyright = "";
				LD_RUNPATH_SEARCH_PATHS = (
					"$(inherited)",
					"@executable_path/../Frameworks",
				);
				MACOSX_DEPLOYMENT_TARGET = 12.0;
				MARKETING_VERSION = 1.0;
				PRODUCT_BUNDLE_IDENTIFIER = com.frzi.Panoramic;
				PRODUCT_NAME = Panoramic;
				SDKROOT = macosx;
				SWIFT_EMIT_LOC_STRINGS = YES;
				SWIFT_VERSION = 5.0;
			};
			name = Debug;
		};
		C0E67C65275419FB00F8EC58 /* Release */ = {
			isa = XCBuildConfiguration;
			buildSettings = {
				ASSETCATALOG_COMPILER_APPICON_NAME = AppIcon;
				ASSETCATALOG_COMPILER_GLOBAL_ACCENT_COLOR_NAME = AccentColor;
				CODE_SIGN_ENTITLEMENTS = macOS/macOS.entitlements;
				CODE_SIGN_STYLE = Automatic;
				COMBINE_HIDPI_IMAGES = YES;
				CURRENT_PROJECT_VERSION = 1;
				DEVELOPMENT_TEAM = QSR4FL5D2K;
				ENABLE_HARDENED_RUNTIME = YES;
				ENABLE_PREVIEWS = YES;
				GENERATE_INFOPLIST_FILE = YES;
				INFOPLIST_KEY_NSHumanReadableCopyright = "";
				LD_RUNPATH_SEARCH_PATHS = (
					"$(inherited)",
					"@executable_path/../Frameworks",
				);
				MACOSX_DEPLOYMENT_TARGET = 12.0;
				MARKETING_VERSION = 1.0;
				PRODUCT_BUNDLE_IDENTIFIER = com.frzi.Panoramic;
				PRODUCT_NAME = Panoramic;
				SDKROOT = macosx;
				SWIFT_EMIT_LOC_STRINGS = YES;
				SWIFT_VERSION = 5.0;
			};
			name = Release;
		};
/* End XCBuildConfiguration section */

/* Begin XCConfigurationList section */
		C0E67C46275419F800F8EC58 /* Build configuration list for PBXProject "Panoramic" */ = {
			isa = XCConfigurationList;
			buildConfigurations = (
				C0E67C5E275419FB00F8EC58 /* Debug */,
				C0E67C5F275419FB00F8EC58 /* Release */,
			);
			defaultConfigurationIsVisible = 0;
			defaultConfigurationName = Release;
		};
		C0E67C60275419FB00F8EC58 /* Build configuration list for PBXNativeTarget "Panoramic (iOS)" */ = {
			isa = XCConfigurationList;
			buildConfigurations = (
				C0E67C61275419FB00F8EC58 /* Debug */,
				C0E67C62275419FB00F8EC58 /* Release */,
			);
			defaultConfigurationIsVisible = 0;
			defaultConfigurationName = Release;
		};
		C0E67C63275419FB00F8EC58 /* Build configuration list for PBXNativeTarget "Panoramic (macOS)" */ = {
			isa = XCConfigurationList;
			buildConfigurations = (
				C0E67C64275419FB00F8EC58 /* Debug */,
				C0E67C65275419FB00F8EC58 /* Release */,
			);
			defaultConfigurationIsVisible = 0;
			defaultConfigurationName = Release;
		};
/* End XCConfigurationList section */

/* Begin XCRemoteSwiftPackageReference section */
		C038C8B727709856003622EB /* XCRemoteSwiftPackageReference "Model3DView" */ = {
			isa = XCRemoteSwiftPackageReference;
			repositoryURL = "https://github.com/frzi/Model3DView";
			requirement = {
				branch = main;
				kind = branch;
			};
		};
/* End XCRemoteSwiftPackageReference section */

/* Begin XCSwiftPackageProductDependency section */
		C038C8B827709856003622EB /* Model3DView */ = {
			isa = XCSwiftPackageProductDependency;
			package = C038C8B727709856003622EB /* XCRemoteSwiftPackageReference "Model3DView" */;
			productName = Model3DView;
		};
		C038C8BA27709869003622EB /* Model3DView */ = {
			isa = XCSwiftPackageProductDependency;
			package = C038C8B727709856003622EB /* XCRemoteSwiftPackageReference "Model3DView" */;
			productName = Model3DView;
		};
/* End XCSwiftPackageProductDependency section */
	};
	rootObject = C0E67C43275419F800F8EC58 /* Project object */;
}
